
Microsoft Visual Studio Solution File, Format Version 12.00
# Visual Studio Version 16
VisualStudioVersion = 16.0.31402.337
MinimumVisualStudioVersion = 10.0.40219.1
Project("{9A19103F-16F7-4668-BE54-9A1E7A4F7556}") = "Day1", "Day1\Day1.csproj", "{CD1AFE7B-DAD6-44A9-B6E3-4ED4EAEFDD0B}"
EndProject
Project("{9A19103F-16F7-4668-BE54-9A1E7A4F7556}") = "Day2", "Day2\Day2.csproj", "{B405A433-85E8-4E39-90F9-D0414B4832D0}"
EndProject
Project("{9A19103F-16F7-4668-BE54-9A1E7A4F7556}") = "Day3", "Day3\Day3.csproj", "{2431B470-2E67-430C-9785-202311C08DC4}"
EndProject
Project("{9A19103F-16F7-4668-BE54-9A1E7A4F7556}") = "Day4", "Day4\Day4.csproj", "{AECC102A-5CC3-46D6-8047-5A979A29AE5D}"
EndProject
Project("{9A19103F-16F7-4668-BE54-9A1E7A4F7556}") = "Day5", "Day5\Day5.csproj", "{314D5F26-BF88-40DF-AEF3-932D8C1E54FE}"
EndProject
Project("{9A19103F-16F7-4668-BE54-9A1E7A4F7556}") = "Day6", "Day6\Day6.csproj", "{725C4EEF-E012-4869-BA4D-8D6978F9A9FE}"
EndProject
Project("{9A19103F-16F7-4668-BE54-9A1E7A4F7556}") = "Day7", "Day7\Day7.csproj", "{0D73C4CE-F84F-42BD-84BB-8D698372E4E8}"
EndProject
Project("{9A19103F-16F7-4668-BE54-9A1E7A4F7556}") = "Day8", "Day8\Day8.csproj", "{AD619BD0-EB60-4CC9-BC14-348313B4B66D}"
EndProject
Project("{9A19103F-16F7-4668-BE54-9A1E7A4F7556}") = "Day9", "Day9\Day9.csproj", "{B85BC88E-D40A-4ECD-B6AD-7E0522815C47}"
EndProject
Project("{9A19103F-16F7-4668-BE54-9A1E7A4F7556}") = "Day10", "Day10\Day10.csproj", "{6285863D-29C0-4D2B-979C-4523A34A52A1}"
EndProject
Project("{9A19103F-16F7-4668-BE54-9A1E7A4F7556}") = "Day11", "Day11\Day11.csproj", "{DB0A5AC6-C0A7-41AF-98C9-B960F7F53759}"
EndProject
Project("{9A19103F-16F7-4668-BE54-9A1E7A4F7556}") = "Day12", "Day12\Day12.csproj", "{5E645049-00BD-4C1E-B58B-07C09355E883}"
EndProject
Project("{9A19103F-16F7-4668-BE54-9A1E7A4F7556}") = "Day13", "Day13\Day13.csproj", "{6823508D-FE49-41C7-81F6-8F5C9243F5C0}"
EndProject
Project("{9A19103F-16F7-4668-BE54-9A1E7A4F7556}") = "Day14", "Day14\Day14.csproj", "{84125EC4-4EDB-4774-88DB-315E01291C6F}"
EndProject
Project("{2150E333-8FDC-42A3-9474-1A3956D46DE8}") = "Solution Items", "Solution Items", "{532ABD1E-3110-463C-B8A3-18A1B5581B59}"
	ProjectSection(SolutionItems) = preProject
		.gitignore = .gitignore
		README.md = README.md
	EndProjectSection
EndProject
Global
	GlobalSection(SolutionConfigurationPlatforms) = preSolution
		Debug|Any CPU = Debug|Any CPU
		Release|Any CPU = Release|Any CPU
	EndGlobalSection
	GlobalSection(ProjectConfigurationPlatforms) = postSolution
		{CD1AFE7B-DAD6-44A9-B6E3-4ED4EAEFDD0B}.Debug|Any CPU.ActiveCfg = Debug|Any CPU
		{CD1AFE7B-DAD6-44A9-B6E3-4ED4EAEFDD0B}.Debug|Any CPU.Build.0 = Debug|Any CPU
		{CD1AFE7B-DAD6-44A9-B6E3-4ED4EAEFDD0B}.Release|Any CPU.ActiveCfg = Release|Any CPU
		{CD1AFE7B-DAD6-44A9-B6E3-4ED4EAEFDD0B}.Release|Any CPU.Build.0 = Release|Any CPU
		{B405A433-85E8-4E39-90F9-D0414B4832D0}.Debug|Any CPU.ActiveCfg = Debug|Any CPU
		{B405A433-85E8-4E39-90F9-D0414B4832D0}.Debug|Any CPU.Build.0 = Debug|Any CPU
		{B405A433-85E8-4E39-90F9-D0414B4832D0}.Release|Any CPU.ActiveCfg = Release|Any CPU
		{B405A433-85E8-4E39-90F9-D0414B4832D0}.Release|Any CPU.Build.0 = Release|Any CPU
		{2431B470-2E67-430C-9785-202311C08DC4}.Debug|Any CPU.ActiveCfg = Debug|Any CPU
		{2431B470-2E67-430C-9785-202311C08DC4}.Debug|Any CPU.Build.0 = Debug|Any CPU
		{2431B470-2E67-430C-9785-202311C08DC4}.Release|Any CPU.ActiveCfg = Release|Any CPU
		{2431B470-2E67-430C-9785-202311C08DC4}.Release|Any CPU.Build.0 = Release|Any CPU
		{AECC102A-5CC3-46D6-8047-5A979A29AE5D}.Debug|Any CPU.ActiveCfg = Debug|Any CPU
		{AECC102A-5CC3-46D6-8047-5A979A29AE5D}.Debug|Any CPU.Build.0 = Debug|Any CPU
		{AECC102A-5CC3-46D6-8047-5A979A29AE5D}.Release|Any CPU.ActiveCfg = Release|Any CPU
		{AECC102A-5CC3-46D6-8047-5A979A29AE5D}.Release|Any CPU.Build.0 = Release|Any CPU
		{314D5F26-BF88-40DF-AEF3-932D8C1E54FE}.Debug|Any CPU.ActiveCfg = Debug|Any CPU
		{314D5F26-BF88-40DF-AEF3-932D8C1E54FE}.Debug|Any CPU.Build.0 = Debug|Any CPU
		{314D5F26-BF88-40DF-AEF3-932D8C1E54FE}.Release|Any CPU.ActiveCfg = Release|Any CPU
		{314D5F26-BF88-40DF-AEF3-932D8C1E54FE}.Release|Any CPU.Build.0 = Release|Any CPU
		{725C4EEF-E012-4869-BA4D-8D6978F9A9FE}.Debug|Any CPU.ActiveCfg = Debug|Any CPU
		{725C4EEF-E012-4869-BA4D-8D6978F9A9FE}.Debug|Any CPU.Build.0 = Debug|Any CPU
		{725C4EEF-E012-4869-BA4D-8D6978F9A9FE}.Release|Any CPU.ActiveCfg = Release|Any CPU
		{725C4EEF-E012-4869-BA4D-8D6978F9A9FE}.Release|Any CPU.Build.0 = Release|Any CPU
		{0D73C4CE-F84F-42BD-84BB-8D698372E4E8}.Debug|Any CPU.ActiveCfg = Debug|Any CPU
		{0D73C4CE-F84F-42BD-84BB-8D698372E4E8}.Debug|Any CPU.Build.0 = Debug|Any CPU
		{0D73C4CE-F84F-42BD-84BB-8D698372E4E8}.Release|Any CPU.ActiveCfg = Release|Any CPU
		{0D73C4CE-F84F-42BD-84BB-8D698372E4E8}.Release|Any CPU.Build.0 = Release|Any CPU
		{AD619BD0-EB60-4CC9-BC14-348313B4B66D}.Debug|Any CPU.ActiveCfg = Debug|Any CPU
		{AD619BD0-EB60-4CC9-BC14-348313B4B66D}.Debug|Any CPU.Build.0 = Debug|Any CPU
		{AD619BD0-EB60-4CC9-BC14-348313B4B66D}.Release|Any CPU.ActiveCfg = Release|Any CPU
		{AD619BD0-EB60-4CC9-BC14-348313B4B66D}.Release|Any CPU.Build.0 = Release|Any CPU
		{B85BC88E-D40A-4ECD-B6AD-7E0522815C47}.Debug|Any CPU.ActiveCfg = Debug|Any CPU
		{B85BC88E-D40A-4ECD-B6AD-7E0522815C47}.Debug|Any CPU.Build.0 = Debug|Any CPU
		{B85BC88E-D40A-4ECD-B6AD-7E0522815C47}.Release|Any CPU.ActiveCfg = Release|Any CPU
		{B85BC88E-D40A-4ECD-B6AD-7E0522815C47}.Release|Any CPU.Build.0 = Release|Any CPU
		{6285863D-29C0-4D2B-979C-4523A34A52A1}.Debug|Any CPU.ActiveCfg = Debug|Any CPU
		{6285863D-29C0-4D2B-979C-4523A34A52A1}.Debug|Any CPU.Build.0 = Debug|Any CPU
		{6285863D-29C0-4D2B-979C-4523A34A52A1}.Release|Any CPU.ActiveCfg = Release|Any CPU
		{6285863D-29C0-4D2B-979C-4523A34A52A1}.Release|Any CPU.Build.0 = Release|Any CPU
		{DB0A5AC6-C0A7-41AF-98C9-B960F7F53759}.Debug|Any CPU.ActiveCfg = Debug|Any CPU
		{DB0A5AC6-C0A7-41AF-98C9-B960F7F53759}.Debug|Any CPU.Build.0 = Debug|Any CPU
		{DB0A5AC6-C0A7-41AF-98C9-B960F7F53759}.Release|Any CPU.ActiveCfg = Release|Any CPU
		{DB0A5AC6-C0A7-41AF-98C9-B960F7F53759}.Release|Any CPU.Build.0 = Release|Any CPU
		{5E645049-00BD-4C1E-B58B-07C09355E883}.Debug|Any CPU.ActiveCfg = Debug|Any CPU
		{5E645049-00BD-4C1E-B58B-07C09355E883}.Debug|Any CPU.Build.0 = Debug|Any CPU
		{5E645049-00BD-4C1E-B58B-07C09355E883}.Release|Any CPU.ActiveCfg = Release|Any CPU
		{5E645049-00BD-4C1E-B58B-07C09355E883}.Release|Any CPU.Build.0 = Release|Any CPU
		{6823508D-FE49-41C7-81F6-8F5C9243F5C0}.Debug|Any CPU.ActiveCfg = Debug|Any CPU
		{6823508D-FE49-41C7-81F6-8F5C9243F5C0}.Debug|Any CPU.Build.0 = Debug|Any CPU
		{6823508D-FE49-41C7-81F6-8F5C9243F5C0}.Release|Any CPU.ActiveCfg = Release|Any CPU
		{6823508D-FE49-41C7-81F6-8F5C9243F5C0}.Release|Any CPU.Build.0 = Release|Any CPU
		{84125EC4-4EDB-4774-88DB-315E01291C6F}.Debug|Any CPU.ActiveCfg = Debug|Any CPU
		{84125EC4-4EDB-4774-88DB-315E01291C6F}.Debug|Any CPU.Build.0 = Debug|Any CPU
		{84125EC4-4EDB-4774-88DB-315E01291C6F}.Release|Any CPU.ActiveCfg = Release|Any CPU
		{84125EC4-4EDB-4774-88DB-315E01291C6F}.Release|Any CPU.Build.0 = Release|Any CPU
	EndGlobalSection
	GlobalSection(SolutionProperties) = preSolution
		HideSolutionNode = FALSE
	EndGlobalSection
	GlobalSection(ExtensibilityGlobals) = postSolution
		SolutionGuid = {14B44522-7B07-4AF2-BBBA-74FFB5958CF8}
	EndGlobalSection
EndGlobal
